Microsoft Visual Studio Solution File, Format Version 10.00
# Visual Studio 2008
Project("{FAE04EC0-301F-11D3-BF4B-00C04F79EFBC}") = "GameModeFortress", "GameModeFortress\GameModeFortress.csproj", "{650BC108-C744-4DA1-AEFD-CD8F011483B3}"
EndProject
Project("{FAE04EC0-301F-11D3-BF4B-00C04F79EFBC}") = "GameLauncher", "GameLauncher\GameLauncher.csproj", "{60E371DD-30DB-4A1A-BC73-D15E8CF51A91}"
EndProject
Project("{FAE04EC0-301F-11D3-BF4B-00C04F79EFBC}") = "ManicDigger", "ManicDigger\ManicDigger.csproj", "{08056549-3BE8-454C-A09A-67EDCDC81261}"
EndProject
Project("{FAE04EC0-301F-11D3-BF4B-00C04F79EFBC}") = "Utilities", "Utilities\Utilities.csproj", "{C8BBA946-057C-46BE-B61C-51B873EC5AE4}"
EndProject
Project("{FAE04EC0-301F-11D3-BF4B-00C04F79EFBC}") = "StandaloneServer", "StandaloneServer\StandaloneServer.csproj", "{5B36901D-B244-4FAF-9334-72535154C7D8}"
EndProject
Project("{FAE04EC0-301F-11D3-BF4B-00C04F79EFBC}") = "GameClient", "GameClient\GameClient.csproj", "{9C8BD926-2160-4774-8EBB-631B6CDE5714}"
EndProject
Global
	GlobalSection(SolutionConfigurationPlatforms) = preSolution
		Debug|Any CPU = Debug|Any CPU
		Release|Any CPU = Release|Any CPU
	EndGlobalSection
	GlobalSection(ProjectConfigurationPlatforms) = postSolution
		{650BC108-C744-4DA1-AEFD-CD8F011483B3}.Debug|Any CPU.ActiveCfg = Debug|Any CPU
		{650BC108-C744-4DA1-AEFD-CD8F011483B3}.Debug|Any CPU.Build.0 = Debug|Any CPU
		{650BC108-C744-4DA1-AEFD-CD8F011483B3}.Release|Any CPU.ActiveCfg = Release|Any CPU
		{650BC108-C744-4DA1-AEFD-CD8F011483B3}.Release|Any CPU.Build.0 = Release|Any CPU
		{60E371DD-30DB-4A1A-BC73-D15E8CF51A91}.Debug|Any CPU.ActiveCfg = Debug|Any CPU
		{60E371DD-30DB-4A1A-BC73-D15E8CF51A91}.Debug|Any CPU.Build.0 = Debug|Any CPU
		{60E371DD-30DB-4A1A-BC73-D15E8CF51A91}.Release|Any CPU.ActiveCfg = Release|Any CPU
		{60E371DD-30DB-4A1A-BC73-D15E8CF51A91}.Release|Any CPU.Build.0 = Release|Any CPU
		{08056549-3BE8-454C-A09A-67EDCDC81261}.Debug|Any CPU.ActiveCfg = Debug|Any CPU
		{08056549-3BE8-454C-A09A-67EDCDC81261}.Debug|Any CPU.Build.0 = Debug|Any CPU
		{08056549-3BE8-454C-A09A-67EDCDC81261}.Release|Any CPU.ActiveCfg = Release|Any CPU
		{08056549-3BE8-454C-A09A-67EDCDC81261}.Release|Any CPU.Build.0 = Release|Any CPU
		{C8BBA946-057C-46BE-B61C-51B873EC5AE4}.Debug|Any CPU.ActiveCfg = Debug|Any CPU
		{C8BBA946-057C-46BE-B61C-51B873EC5AE4}.Debug|Any CPU.Build.0 = Debug|Any CPU
		{C8BBA946-057C-46BE-B61C-51B873EC5AE4}.Release|Any CPU.ActiveCfg = Release|Any CPU
		{C8BBA946-057C-46BE-B61C-51B873EC5AE4}.Release|Any CPU.Build.0 = Release|Any CPU
		{5B36901D-B244-4FAF-9334-72535154C7D8}.Debug|Any CPU.ActiveCfg = Debug|Any CPU
		{5B36901D-B244-4FAF-9334-72535154C7D8}.Debug|Any CPU.Build.0 = Debug|Any CPU
		{5B36901D-B244-4FAF-9334-72535154C7D8}.Release|Any CPU.ActiveCfg = Release|Any CPU
		{5B36901D-B244-4FAF-9334-72535154C7D8}.Release|Any CPU.Build.0 = Release|Any CPU
		{9C8BD926-2160-4774-8EBB-631B6CDE5714}.Debug|Any CPU.ActiveCfg = Debug|Any CPU
		{9C8BD926-2160-4774-8EBB-631B6CDE5714}.Debug|Any CPU.Build.0 = Debug|Any CPU
		{9C8BD926-2160-4774-8EBB-631B6CDE5714}.Release|Any CPU.ActiveCfg = Release|Any CPU
		{9C8BD926-2160-4774-8EBB-631B6CDE5714}.Release|Any CPU.Build.0 = Release|Any CPU
	EndGlobalSection
	GlobalSection(SolutionProperties) = preSolution
		HideSolutionNode = FALSE
	EndGlobalSection
EndGlobal
