
Microsoft Visual Studio Solution File, Format Version 10.00
# Visual C# Express 2008
Project("{FAE04EC0-301F-11D3-BF4B-00C04F79EFBC}") = "Md2Engine", "Md2Engine\Md2Engine.csproj", "{45DAE333-EA7D-42F0-8363-FDF7A661EB87}"
EndProject
Project("{FAE04EC0-301F-11D3-BF4B-00C04F79EFBC}") = "Md2Viewer", "Md2Viewer\Md2Viewer.csproj", "{A95102D6-755D-466B-8A5E-A123F1D87260}"
EndProject
Global
	GlobalSection(SolutionConfigurationPlatforms) = preSolution
		Debug|Any CPU = Debug|Any CPU
		Release|Any CPU = Release|Any CPU
	EndGlobalSection
	GlobalSection(ProjectConfigurationPlatforms) = postSolution
		{45DAE333-EA7D-42F0-8363-FDF7A661EB87}.Debug|Any CPU.ActiveCfg = Debug|Any CPU
		{45DAE333-EA7D-42F0-8363-FDF7A661EB87}.Debug|Any CPU.Build.0 = Debug|Any CPU
		{45DAE333-EA7D-42F0-8363-FDF7A661EB87}.Release|Any CPU.ActiveCfg = Release|Any CPU
		{45DAE333-EA7D-42F0-8363-FDF7A661EB87}.Release|Any CPU.Build.0 = Release|Any CPU
		{A95102D6-755D-466B-8A5E-A123F1D87260}.Debug|Any CPU.ActiveCfg = Debug|Any CPU
		{A95102D6-755D-466B-8A5E-A123F1D87260}.Debug|Any CPU.Build.0 = Debug|Any CPU
		{A95102D6-755D-466B-8A5E-A123F1D87260}.Release|Any CPU.ActiveCfg = Release|Any CPU
		{A95102D6-755D-466B-8A5E-A123F1D87260}.Release|Any CPU.Build.0 = Release|Any CPU
	EndGlobalSection
	GlobalSection(SolutionProperties) = preSolution
		HideSolutionNode = FALSE
	EndGlobalSection
EndGlobal
